
Microsoft Visual Studio Solution File, Format Version 12.00
# Visual Studio 15
VisualStudioVersion = 15.0.26730.12
MinimumVisualStudioVersion = 10.0.40219.1
Project("{8BC9CEB8-8B4A-11D0-8D11-00A0C91BC942}") = "Grupo15_AdriaFret_PolBlanes", "Grupo15_AdriaFret_PolBlanes\Grupo15_AdriaFret_PolBlanes.vcxproj", "{BB894A13-4E6E-4C71-80E4-F3D9013EDCB2}"
EndProject
Project("{8BC9CEB8-8B4A-11D0-8D11-00A0C91BC942}") = "Grupo15_PolBlanes_AdriaFret_A02", "Grupo15_PolBlanes_AdriaFret_A02\Grupo15_PolBlanes_AdriaFret_A02.vcxproj", "{A2688086-5A3C-4E54-AEA9-0CF19ED39169}"
EndProject
Global
	GlobalSection(SolutionConfigurationPlatforms) = preSolution
		Debug|x64 = Debug|x64
		Debug|x86 = Debug|x86
		Release|x64 = Release|x64
		Release|x86 = Release|x86
	EndGlobalSection
	GlobalSection(ProjectConfigurationPlatforms) = postSolution
		{BB894A13-4E6E-4C71-80E4-F3D9013EDCB2}.Debug|x64.ActiveCfg = Debug|x64
		{BB894A13-4E6E-4C71-80E4-F3D9013EDCB2}.Debug|x64.Build.0 = Debug|x64
		{BB894A13-4E6E-4C71-80E4-F3D9013EDCB2}.Debug|x86.ActiveCfg = Debug|Win32
		{BB894A13-4E6E-4C71-80E4-F3D9013EDCB2}.Debug|x86.Build.0 = Debug|Win32
		{BB894A13-4E6E-4C71-80E4-F3D9013EDCB2}.Release|x64.ActiveCfg = Release|x64
		{BB894A13-4E6E-4C71-80E4-F3D9013EDCB2}.Release|x64.Build.0 = Release|x64
		{BB894A13-4E6E-4C71-80E4-F3D9013EDCB2}.Release|x86.ActiveCfg = Release|Win32
		{BB894A13-4E6E-4C71-80E4-F3D9013EDCB2}.Release|x86.Build.0 = Release|Win32
		{A2688086-5A3C-4E54-AEA9-0CF19ED39169}.Debug|x64.ActiveCfg = Debug|x64
		{A2688086-5A3C-4E54-AEA9-0CF19ED39169}.Debug|x64.Build.0 = Debug|x64
		{A2688086-5A3C-4E54-AEA9-0CF19ED39169}.Debug|x86.ActiveCfg = Debug|Win32
		{A2688086-5A3C-4E54-AEA9-0CF19ED39169}.Debug|x86.Build.0 = Debug|Win32
		{A2688086-5A3C-4E54-AEA9-0CF19ED39169}.Release|x64.ActiveCfg = Release|x64
		{A2688086-5A3C-4E54-AEA9-0CF19ED39169}.Release|x64.Build.0 = Release|x64
		{A2688086-5A3C-4E54-AEA9-0CF19ED39169}.Release|x86.ActiveCfg = Release|Win32
		{A2688086-5A3C-4E54-AEA9-0CF19ED39169}.Release|x86.Build.0 = Release|Win32
	EndGlobalSection
	GlobalSection(SolutionProperties) = preSolution
		HideSolutionNode = FALSE
	EndGlobalSection
	GlobalSection(ExtensibilityGlobals) = postSolution
		SolutionGuid = {AB85B47F-AC77-4104-9866-74A0FFCB28FB}
	EndGlobalSection
EndGlobal
